// !$*UTF8*$!
{
	archiveVersion = 1;
	classes = {
	};
	objectVersion = 55;
	objects = {

/* Begin PBXBuildFile section */
		6333588027F88AEA00623F76 /* AppDelegate.swift in Sources */ = {isa = PBXBuildFile; fileRef = 6333587F27F88AEA00623F76 /* AppDelegate.swift */; };
		6333588227F88AEA00623F76 /* SceneDelegate.swift in Sources */ = {isa = PBXBuildFile; fileRef = 6333588127F88AEA00623F76 /* SceneDelegate.swift */; };
		6333588427F88AEA00623F76 /* ViewController.swift in Sources */ = {isa = PBXBuildFile; fileRef = 6333588327F88AEA00623F76 /* ViewController.swift */; };
		6333588727F88AEA00623F76 /* Main.storyboard in Resources */ = {isa = PBXBuildFile; fileRef = 6333588527F88AEA00623F76 /* Main.storyboard */; };
		6333588927F88AEC00623F76 /* Assets.xcassets in Resources */ = {isa = PBXBuildFile; fileRef = 6333588827F88AEC00623F76 /* Assets.xcassets */; };
		6333588C27F88AEC00623F76 /* LaunchScreen.storyboard in Resources */ = {isa = PBXBuildFile; fileRef = 6333588A27F88AEC00623F76 /* LaunchScreen.storyboard */; };
		633358B727F9F26500623F76 /* CalculationLogic.swift in Sources */ = {isa = PBXBuildFile; fileRef = 633358B627F9F26500623F76 /* CalculationLogic.swift */; };
		633358BD27F9F7C500623F76 /* UIViewExtension.swift in Sources */ = {isa = PBXBuildFile; fileRef = 633358BC27F9F7C500623F76 /* UIViewExtension.swift */; };
		633358C027F9FC8A00623F76 /* Helper.swift in Sources */ = {isa = PBXBuildFile; fileRef = 633358BF27F9FC8900623F76 /* Helper.swift */; };
		B68C7120E2489786A1595E51 /* Pods_KidCalc.framework in Frameworks */ = {isa = PBXBuildFile; fileRef = 9D0E72776AC692D1026F4358 /* Pods_KidCalc.framework */; };
/* End PBXBuildFile section */

/* Begin PBXFileReference section */
		6333587C27F88AEA00623F76 /* KidCalc.app */ = {isa = PBXFileReference; explicitFileType = wrapper.application; includeInIndex = 0; path = KidCalc.app; sourceTree = BUILT_PRODUCTS_DIR; };
		6333587F27F88AEA00623F76 /* AppDelegate.swift */ = {isa = PBXFileReference; lastKnownFileType = sourcecode.swift; path = AppDelegate.swift; sourceTree = "<group>"; };
		6333588127F88AEA00623F76 /* SceneDelegate.swift */ = {isa = PBXFileReference; lastKnownFileType = sourcecode.swift; path = SceneDelegate.swift; sourceTree = "<group>"; };
		6333588327F88AEA00623F76 /* ViewController.swift */ = {isa = PBXFileReference; lastKnownFileType = sourcecode.swift; path = ViewController.swift; sourceTree = "<group>"; };
		6333588627F88AEA00623F76 /* Base */ = {isa = PBXFileReference; lastKnownFileType = file.storyboard; name = Base; path = Base.lproj/Main.storyboard; sourceTree = "<group>"; };
		6333588827F88AEC00623F76 /* Assets.xcassets */ = {isa = PBXFileReference; lastKnownFileType = folder.assetcatalog; path = Assets.xcassets; sourceTree = "<group>"; };
		6333588B27F88AEC00623F76 /* Base */ = {isa = PBXFileReference; lastKnownFileType = file.storyboard; name = Base; path = Base.lproj/LaunchScreen.storyboard; sourceTree = "<group>"; };
		6333588D27F88AEC00623F76 /* Info.plist */ = {isa = PBXFileReference; lastKnownFileType = text.plist.xml; path = Info.plist; sourceTree = "<group>"; };
		633358B627F9F26500623F76 /* CalculationLogic.swift */ = {isa = PBXFileReference; lastKnownFileType = sourcecode.swift; path = CalculationLogic.swift; sourceTree = "<group>"; };
		633358BC27F9F7C500623F76 /* UIViewExtension.swift */ = {isa = PBXFileReference; lastKnownFileType = sourcecode.swift; path = UIViewExtension.swift; sourceTree = "<group>"; };
		633358BF27F9FC8900623F76 /* Helper.swift */ = {isa = PBXFileReference; lastKnownFileType = sourcecode.swift; path = Helper.swift; sourceTree = "<group>"; };
		84648B8B7AC9AE71B75D010F /* Pods-KidCalc.debug.xcconfig */ = {isa = PBXFileReference; includeInIndex = 1; lastKnownFileType = text.xcconfig; name = "Pods-KidCalc.debug.xcconfig"; path = "Target Support Files/Pods-KidCalc/Pods-KidCalc.debug.xcconfig"; sourceTree = "<group>"; };
		9D0E72776AC692D1026F4358 /* Pods_KidCalc.framework */ = {isa = PBXFileReference; explicitFileType = wrapper.framework; includeInIndex = 0; path = Pods_KidCalc.framework; sourceTree = BUILT_PRODUCTS_DIR; };
		A459C91ADA28CE4E79C8A436 /* Pods-KidCalc.release.xcconfig */ = {isa = PBXFileReference; includeInIndex = 1; lastKnownFileType = text.xcconfig; name = "Pods-KidCalc.release.xcconfig"; path = "Target Support Files/Pods-KidCalc/Pods-KidCalc.release.xcconfig"; sourceTree = "<group>"; };
/* End PBXFileReference section */

/* Begin PBXFrameworksBuildPhase section */
		6333587927F88AEA00623F76 /* Frameworks */ = {
			isa = PBXFrameworksBuildPhase;
			buildActionMask = 2147483647;
			files = (
				B68C7120E2489786A1595E51 /* Pods_KidCalc.framework in Frameworks */,
			);
			runOnlyForDeploymentPostprocessing = 0;
		};
/* End PBXFrameworksBuildPhase section */

/* Begin PBXGroup section */
		6333587327F88AEA00623F76 = {
			isa = PBXGroup;
			children = (
				6333587E27F88AEA00623F76 /* KidCalc */,
				6333587D27F88AEA00623F76 /* Products */,
				7E5A5B0E36B4B92929B1CB7C /* Pods */,
				ECF606B0F9C46362415AA982 /* Frameworks */,
			);
			sourceTree = "<group>";
		};
		6333587D27F88AEA00623F76 /* Products */ = {
			isa = PBXGroup;
			children = (
				6333587C27F88AEA00623F76 /* KidCalc.app */,
			);
			name = Products;
			sourceTree = "<group>";
		};
		6333587E27F88AEA00623F76 /* KidCalc */ = {
			isa = PBXGroup;
			children = (
				6333587F27F88AEA00623F76 /* AppDelegate.swift */,
				6333588127F88AEA00623F76 /* SceneDelegate.swift */,
				633358B527F9F24200623F76 /* Model */,
				633358B427F9F23000623F76 /* View */,
				633358B327F9F22500623F76 /* Controller */,
				633358BE27F9FC7400623F76 /* Helper */,
				633358BB27F9F79800623F76 /* Extensions */,
				6333588827F88AEC00623F76 /* Assets.xcassets */,
				6333588A27F88AEC00623F76 /* LaunchScreen.storyboard */,
				6333588D27F88AEC00623F76 /* Info.plist */,
			);
			path = KidCalc;
			sourceTree = "<group>";
		};
		633358B327F9F22500623F76 /* Controller */ = {
			isa = PBXGroup;
			children = (
				6333588327F88AEA00623F76 /* ViewController.swift */,
			);
			path = Controller;
			sourceTree = "<group>";
		};
		633358B427F9F23000623F76 /* View */ = {
			isa = PBXGroup;
			children = (
				6333588527F88AEA00623F76 /* Main.storyboard */,
			);
			path = View;
			sourceTree = "<group>";
		};
		633358B527F9F24200623F76 /* Model */ = {
			isa = PBXGroup;
			children = (
				633358B627F9F26500623F76 /* CalculationLogic.swift */,
			);
			path = Model;
			sourceTree = "<group>";
		};
		633358BB27F9F79800623F76 /* Extensions */ = {
			isa = PBXGroup;
			children = (
				633358BC27F9F7C500623F76 /* UIViewExtension.swift */,
			);
			path = Extensions;
			sourceTree = "<group>";
		};
		633358BE27F9FC7400623F76 /* Helper */ = {
			isa = PBXGroup;
			children = (
				633358BF27F9FC8900623F76 /* Helper.swift */,
			);
			path = Helper;
			sourceTree = "<group>";
		};
		7E5A5B0E36B4B92929B1CB7C /* Pods */ = {
			isa = PBXGroup;
			children = (
				84648B8B7AC9AE71B75D010F /* Pods-KidCalc.debug.xcconfig */,
				A459C91ADA28CE4E79C8A436 /* Pods-KidCalc.release.xcconfig */,
			);
			path = Pods;
			sourceTree = "<group>";
		};
		ECF606B0F9C46362415AA982 /* Frameworks */ = {
			isa = PBXGroup;
			children = (
				9D0E72776AC692D1026F4358 /* Pods_KidCalc.framework */,
			);
			name = Frameworks;
			sourceTree = "<group>";
		};
/* End PBXGroup section */

/* Begin PBXNativeTarget section */
		6333587B27F88AEA00623F76 /* KidCalc */ = {
			isa = PBXNativeTarget;
			buildConfigurationList = 6333589027F88AEC00623F76 /* Build configuration list for PBXNativeTarget "KidCalc" */;
			buildPhases = (
				AE9AC53B5C38805630D313F2 /* [CP] Check Pods Manifest.lock */,
				6333587827F88AEA00623F76 /* Sources */,
				6333587927F88AEA00623F76 /* Frameworks */,
				6333587A27F88AEA00623F76 /* Resources */,
				2A7905DD73BA33AE0B09826B /* [CP] Embed Pods Frameworks */,
			);
			buildRules = (
			);
			dependencies = (
			);
			name = KidCalc;
			productName = KidCalc;
			productReference = 6333587C27F88AEA00623F76 /* KidCalc.app */;
			productType = "com.apple.product-type.application";
		};
/* End PBXNativeTarget section */

/* Begin PBXProject section */
		6333587427F88AEA00623F76 /* Project object */ = {
			isa = PBXProject;
			attributes = {
				BuildIndependentTargetsInParallel = 1;
				LastSwiftUpdateCheck = 1320;
				LastUpgradeCheck = 1320;
				TargetAttributes = {
					6333587B27F88AEA00623F76 = {
						CreatedOnToolsVersion = 13.2.1;
					};
				};
			};
			buildConfigurationList = 6333587727F88AEA00623F76 /* Build configuration list for PBXProject "KidCalc" */;
			compatibilityVersion = "Xcode 13.0";
			developmentRegion = en;
			hasScannedForEncodings = 0;
			knownRegions = (
				en,
				Base,
			);
			mainGroup = 6333587327F88AEA00623F76;
			productRefGroup = 6333587D27F88AEA00623F76 /* Products */;
			projectDirPath = "";
			projectRoot = "";
			targets = (
				6333587B27F88AEA00623F76 /* KidCalc */,
			);
		};
/* End PBXProject section */

/* Begin PBXResourcesBuildPhase section */
		6333587A27F88AEA00623F76 /* Resources */ = {
			isa = PBXResourcesBuildPhase;
			buildActionMask = 2147483647;
			files = (
				6333588C27F88AEC00623F76 /* LaunchScreen.storyboard in Resources */,
				6333588927F88AEC00623F76 /* Assets.xcassets in Resources */,
				6333588727F88AEA00623F76 /* Main.storyboard in Resources */,
			);
			runOnlyForDeploymentPostprocessing = 0;
		};
/* End PBXResourcesBuildPhase section */

/* Begin PBXShellScriptBuildPhase section */
		2A7905DD73BA33AE0B09826B /* [CP] Embed Pods Frameworks */ = {
			isa = PBXShellScriptBuildPhase;
			buildActionMask = 2147483647;
			files = (
			);
			inputFileListPaths = (
				"${PODS_ROOT}/Target Support Files/Pods-KidCalc/Pods-KidCalc-frameworks-${CONFIGURATION}-input-files.xcfilelist",
			);
			name = "[CP] Embed Pods Frameworks";
			outputFileListPaths = (
				"${PODS_ROOT}/Target Support Files/Pods-KidCalc/Pods-KidCalc-frameworks-${CONFIGURATION}-output-files.xcfilelist",
			);
			runOnlyForDeploymentPostprocessing = 0;
			shellPath = /bin/sh;
			shellScript = "\"${PODS_ROOT}/Target Support Files/Pods-KidCalc/Pods-KidCalc-frameworks.sh\"\n";
			showEnvVarsInLog = 0;
		};
		AE9AC53B5C38805630D313F2 /* [CP] Check Pods Manifest.lock */ = {
			isa = PBXShellScriptBuildPhase;
			buildActionMask = 2147483647;
			files = (
			);
			inputFileListPaths = (
			);
			inputPaths = (
				"${PODS_PODFILE_DIR_PATH}/Podfile.lock",
				"${PODS_ROOT}/Manifest.lock",
			);
			name = "[CP] Check Pods Manifest.lock";
			outputFileListPaths = (
			);
			outputPaths = (
				"$(DERIVED_FILE_DIR)/Pods-KidCalc-checkManifestLockResult.txt",
			);
			runOnlyForDeploymentPostprocessing = 0;
			shellPath = /bin/sh;
			shellScript = "diff \"${PODS_PODFILE_DIR_PATH}/Podfile.lock\" \"${PODS_ROOT}/Manifest.lock\" > /dev/null\nif [ $? != 0 ] ; then\n    # print error to STDERR\n    echo \"error: The sandbox is not in sync with the Podfile.lock. Run 'pod install' or update your CocoaPods installation.\" >&2\n    exit 1\nfi\n# This output is used by Xcode 'outputs' to avoid re-running this script phase.\necho \"SUCCESS\" > \"${SCRIPT_OUTPUT_FILE_0}\"\n";
			showEnvVarsInLog = 0;
		};
/* End PBXShellScriptBuildPhase section */

/* Begin PBXSourcesBuildPhase section */
		6333587827F88AEA00623F76 /* Sources */ = {
			isa = PBXSourcesBuildPhase;
			buildActionMask = 2147483647;
			files = (
				633358BD27F9F7C500623F76 /* UIViewExtension.swift in Sources */,
				6333588427F88AEA00623F76 /* ViewController.swift in Sources */,
				6333588027F88AEA00623F76 /* AppDelegate.swift in Sources */,
				633358B727F9F26500623F76 /* CalculationLogic.swift in Sources */,
				6333588227F88AEA00623F76 /* SceneDelegate.swift in Sources */,
				633358C027F9FC8A00623F76 /* Helper.swift in Sources */,
			);
			runOnlyForDeploymentPostprocessing = 0;
		};
/* End PBXSourcesBuildPhase section */

/* Begin PBXVariantGroup section */
		6333588527F88AEA00623F76 /* Main.storyboard */ = {
			isa = PBXVariantGroup;
			children = (
				6333588627F88AEA00623F76 /* Base */,
			);
			name = Main.storyboard;
			sourceTree = "<group>";
		};
		6333588A27F88AEC00623F76 /* LaunchScreen.storyboard */ = {
			isa = PBXVariantGroup;
			children = (
				6333588B27F88AEC00623F76 /* Base */,
			);
			name = LaunchScreen.storyboard;
			sourceTree = "<group>";
		};
/* End PBXVariantGroup section */

/* Begin XCBuildConfiguration section */
		6333588E27F88AEC00623F76 /* Debug */ = {
			isa = XCBuildConfiguration;
			buildSettings = {
				ALWAYS_SEARCH_USER_PATHS = NO;
				CLANG_ANALYZER_NONNULL = YES;
				CLANG_ANALYZER_NUMBER_OBJECT_CONVERSION = YES_AGGRESSIVE;
				CLANG_CXX_LANGUAGE_STANDARD = "gnu++17";
				CLANG_CXX_LIBRARY = "libc++";
				CLANG_ENABLE_MODULES = YES;
				CLANG_ENABLE_OBJC_ARC = YES;
				CLANG_ENABLE_OBJC_WEAK = YES;
				CLANG_WARN_BLOCK_CAPTURE_AUTORELEASING = YES;
				CLANG_WARN_BOOL_CONVERSION = YES;
				CLANG_WARN_COMMA = YES;
				CLANG_WARN_CONSTANT_CONVERSION = YES;
				CLANG_WARN_DEPRECATED_OBJC_IMPLEMENTATIONS = YES;
				CLANG_WARN_DIRECT_OBJC_ISA_USAGE = YES_ERROR;
				CLANG_WARN_DOCUMENTATION_COMMENTS = YES;
				CLANG_WARN_EMPTY_BODY = YES;
				CLANG_WARN_ENUM_CONVERSION = YES;
				CLANG_WARN_INFINITE_RECURSION = YES;
				CLANG_WARN_INT_CONVERSION = YES;
				CLANG_WARN_NON_LITERAL_NULL_CONVERSION = YES;
				CLANG_WARN_OBJC_IMPLICIT_RETAIN_SELF = YES;
				CLANG_WARN_OBJC_LITERAL_CONVERSION = YES;
				CLANG_WARN_OBJC_ROOT_CLASS = YES_ERROR;
				CLANG_WARN_QUOTED_INCLUDE_IN_FRAMEWORK_HEADER = YES;
				CLANG_WARN_RANGE_LOOP_ANALYSIS = YES;
				CLANG_WARN_STRICT_PROTOTYPES = YES;
				CLANG_WARN_SUSPICIOUS_MOVE = YES;
				CLANG_WARN_UNGUARDED_AVAILABILITY = YES_AGGRESSIVE;
				CLANG_WARN_UNREACHABLE_CODE = YES;
				CLANG_WARN__DUPLICATE_METHOD_MATCH = YES;
				COPY_PHASE_STRIP = NO;
				DEBUG_INFORMATION_FORMAT = dwarf;
				ENABLE_STRICT_OBJC_MSGSEND = YES;
				ENABLE_TESTABILITY = YES;
				GCC_C_LANGUAGE_STANDARD = gnu11;
				GCC_DYNAMIC_NO_PIC = NO;
				GCC_NO_COMMON_BLOCKS = YES;
				GCC_OPTIMIZATION_LEVEL = 0;
				GCC_PREPROCESSOR_DEFINITIONS = (
					"DEBUG=1",
					"$(inherited)",
				);
				GCC_WARN_64_TO_32_BIT_CONVERSION = YES;
				GCC_WARN_ABOUT_RETURN_TYPE = YES_ERROR;
				GCC_WARN_UNDECLARED_SELECTOR = YES;
				GCC_WARN_UNINITIALIZED_AUTOS = YES_AGGRESSIVE;
				GCC_WARN_UNUSED_FUNCTION = YES;
				GCC_WARN_UNUSED_VARIABLE = YES;
				IPHONEOS_DEPLOYMENT_TARGET = 15.0;
				MTL_ENABLE_DEBUG_INFO = INCLUDE_SOURCE;
				MTL_FAST_MATH = YES;
				ONLY_ACTIVE_ARCH = YES;
				SDKROOT = iphoneos;
				SWIFT_ACTIVE_COMPILATION_CONDITIONS = DEBUG;
				SWIFT_OPTIMIZATION_LEVEL = "-Onone";
			};
			name = Debug;
		};
		6333588F27F88AEC00623F76 /* Release */ = {
			isa = XCBuildConfiguration;
			buildSettings = {
				ALWAYS_SEARCH_USER_PATHS = NO;
				CLANG_ANALYZER_NONNULL = YES;
				CLANG_ANALYZER_NUMBER_OBJECT_CONVERSION = YES_AGGRESSIVE;
				CLANG_CXX_LANGUAGE_STANDARD = "gnu++17";
				CLANG_CXX_LIBRARY = "libc++";
				CLANG_ENABLE_MODULES = YES;
				CLANG_ENABLE_OBJC_ARC = YES;
				CLANG_ENABLE_OBJC_WEAK = YES;
				CLANG_WARN_BLOCK_CAPTURE_AUTORELEASING = YES;
				CLANG_WARN_BOOL_CONVERSION = YES;
				CLANG_WARN_COMMA = YES;
				CLANG_WARN_CONSTANT_CONVERSION = YES;
				CLANG_WARN_DEPRECATED_OBJC_IMPLEMENTATIONS = YES;
				CLANG_WARN_DIRECT_OBJC_ISA_USAGE = YES_ERROR;
				CLANG_WARN_DOCUMENTATION_COMMENTS = YES;
				CLANG_WARN_EMPTY_BODY = YES;
				CLANG_WARN_ENUM_CONVERSION = YES;
				CLANG_WARN_INFINITE_RECURSION = YES;
				CLANG_WARN_INT_CONVERSION = YES;
				CLANG_WARN_NON_LITERAL_NULL_CONVERSION = YES;
				CLANG_WARN_OBJC_IMPLICIT_RETAIN_SELF = YES;
				CLANG_WARN_OBJC_LITERAL_CONVERSION = YES;
				CLANG_WARN_OBJC_ROOT_CLASS = YES_ERROR;
				CLANG_WARN_QUOTED_INCLUDE_IN_FRAMEWORK_HEADER = YES;
				CLANG_WARN_RANGE_LOOP_ANALYSIS = YES;
				CLANG_WARN_STRICT_PROTOTYPES = YES;
				CLANG_WARN_SUSPICIOUS_MOVE = YES;
				CLANG_WARN_UNGUARDED_AVAILABILITY = YES_AGGRESSIVE;
				CLANG_WARN_UNREACHABLE_CODE = YES;
				CLANG_WARN__DUPLICATE_METHOD_MATCH = YES;
				COPY_PHASE_STRIP = NO;
				DEBUG_INFORMATION_FORMAT = "dwarf-with-dsym";
				ENABLE_NS_ASSERTIONS = NO;
				ENABLE_STRICT_OBJC_MSGSEND = YES;
				GCC_C_LANGUAGE_STANDARD = gnu11;
				GCC_NO_COMMON_BLOCKS = YES;
				GCC_WARN_64_TO_32_BIT_CONVERSION = YES;
				GCC_WARN_ABOUT_RETURN_TYPE = YES_ERROR;
				GCC_WARN_UNDECLARED_SELECTOR = YES;
				GCC_WARN_UNINITIALIZED_AUTOS = YES_AGGRESSIVE;
				GCC_WARN_UNUSED_FUNCTION = YES;
				GCC_WARN_UNUSED_VARIABLE = YES;
				IPHONEOS_DEPLOYMENT_TARGET = 15.0;
				MTL_ENABLE_DEBUG_INFO = NO;
				MTL_FAST_MATH = YES;
				SDKROOT = iphoneos;
				SWIFT_COMPILATION_MODE = wholemodule;
				SWIFT_OPTIMIZATION_LEVEL = "-O";
				VALIDATE_PRODUCT = YES;
			};
			name = Release;
		};
		6333589127F88AEC00623F76 /* Debug */ = {
			isa = XCBuildConfiguration;
			baseConfigurationReference = 84648B8B7AC9AE71B75D010F /* Pods-KidCalc.debug.xcconfig */;
			buildSettings = {
				ASSETCATALOG_COMPILER_APPICON_NAME = AppIcon;
				ASSETCATALOG_COMPILER_GLOBAL_ACCENT_COLOR_NAME = AccentColor;
				CODE_SIGN_STYLE = Automatic;
				CURRENT_PROJECT_VERSION = 1;
				DEVELOPMENT_TEAM = BH7ATPEKS6;
				GENERATE_INFOPLIST_FILE = YES;
				INFOPLIST_FILE = KidCalc/Info.plist;
				INFOPLIST_KEY_UIApplicationSupportsIndirectInputEvents = YES;
				INFOPLIST_KEY_UILaunchStoryboardName = LaunchScreen;
				INFOPLIST_KEY_UIMainStoryboardFile = Main;
				INFOPLIST_KEY_UISupportedInterfaceOrientations_iPad = "UIInterfaceOrientationPortrait UIInterfaceOrientationPortraitUpsideDown UIInterfaceOrientationLandscapeLeft UIInterfaceOrientationLandscapeRight";
				INFOPLIST_KEY_UISupportedInterfaceOrientations_iPhone = "UIInterfaceOrientationPortrait UIInterfaceOrientationLandscapeLeft UIInterfaceOrientationLandscapeRight";
				LD_RUNPATH_SEARCH_PATHS = (
					"$(inherited)",
					"@executable_path/Frameworks",
				);
				MARKETING_VERSION = 1.0;
				PRODUCT_BUNDLE_IDENTIFIER = com.tikitakamobile.KidCalc;
				PRODUCT_NAME = "$(TARGET_NAME)";
				SWIFT_EMIT_LOC_STRINGS = YES;
				SWIFT_VERSION = 5.0;
				TARGETED_DEVICE_FAMILY = "1,2";
			};
			name = Debug;
		};
		6333589227F88AEC00623F76 /* Release */ = {
			isa = XCBuildConfiguration;
			baseConfigurationReference = A459C91ADA28CE4E79C8A436 /* Pods-KidCalc.release.xcconfig */;
			buildSettings = {
				ASSETCATALOG_COMPILER_APPICON_NAME = AppIcon;
				ASSETCATALOG_COMPILER_GLOBAL_ACCENT_COLOR_NAME = AccentColor;
				CODE_SIGN_STYLE = Automatic;
				CURRENT_PROJECT_VERSION = 1;
				DEVELOPMENT_TEAM = BH7ATPEKS6;
				GENERATE_INFOPLIST_FILE = YES;
				INFOPLIST_FILE = KidCalc/Info.plist;
				INFOPLIST_KEY_UIApplicationSupportsIndirectInputEvents = YES;
				INFOPLIST_KEY_UILaunchStoryboardName = LaunchScreen;
				INFOPLIST_KEY_UIMainStoryboardFile = Main;
				INFOPLIST_KEY_UISupportedInterfaceOrientations_iPad = "UIInterfaceOrientationPortrait UIInterfaceOrientationPortraitUpsideDown UIInterfaceOrientationLandscapeLeft UIInterfaceOrientationLandscapeRight";
				INFOPLIST_KEY_UISupportedInterfaceOrientations_iPhone = "UIInterfaceOrientationPortrait UIInterfaceOrientationLandscapeLeft UIInterfaceOrientationLandscapeRight";
				LD_RUNPATH_SEARCH_PATHS = (
					"$(inherited)",
					"@executable_path/Frameworks",
				);
				MARKETING_VERSION = 1.0;
				PRODUCT_BUNDLE_IDENTIFIER = com.tikitakamobile.KidCalc;
				PRODUCT_NAME = "$(TARGET_NAME)";
				SWIFT_EMIT_LOC_STRINGS = YES;
				SWIFT_VERSION = 5.0;
				TARGETED_DEVICE_FAMILY = "1,2";
			};
			name = Release;
		};
/* End XCBuildConfiguration section */

/* Begin XCConfigurationList section */
		6333587727F88AEA00623F76 /* Build configuration list for PBXProject "KidCalc" */ = {
			isa = XCConfigurationList;
			buildConfigurations = (
				6333588E27F88AEC00623F76 /* Debug */,
				6333588F27F88AEC00623F76 /* Release */,
			);
			defaultConfigurationIsVisible = 0;
			defaultConfigurationName = Release;
		};
		6333589027F88AEC00623F76 /* Build configuration list for PBXNativeTarget "KidCalc" */ = {
			isa = XCConfigurationList;
			buildConfigurations = (
				6333589127F88AEC00623F76 /* Debug */,
				6333589227F88AEC00623F76 /* Release */,
			);
			defaultConfigurationIsVisible = 0;
			defaultConfigurationName = Release;
		};
/* End XCConfigurationList section */
	};
	rootObject = 6333587427F88AEA00623F76 /* Project object */;
}
